
Microsoft Visual Studio Solution File, Format Version 12.00
# Visual Studio Version 17
VisualStudioVersion = 17.0.32112.339
MinimumVisualStudioVersion = 10.0.40219.1
Project("{9A19103F-16F7-4668-BE54-9A1E7A4F7556}") = "Projeto_BD1", "Projeto_BD1\Projeto_BD1.csproj", "{FD3257AB-6B4A-42FB-8FEC-3EB497FE8724}"
EndProject
Project("{2150E333-8FDC-42A3-9474-1A3956D46DE8}") = "Tests", "Tests", "{4EB4D6C0-1FE1-4D2D-85BB-277D570381B4}"
EndProject
Project("{9A19103F-16F7-4668-BE54-9A1E7A4F7556}") = "Tests", "Tests\Tests.csproj", "{CBEFC7DF-9CA7-42C4-8171-3640C42289B5}"
EndProject
Global
	GlobalSection(SolutionConfigurationPlatforms) = preSolution
		Debug|Any CPU = Debug|Any CPU
		Release|Any CPU = Release|Any CPU
	EndGlobalSection
	GlobalSection(ProjectConfigurationPlatforms) = postSolution
		{FD3257AB-6B4A-42FB-8FEC-3EB497FE8724}.Debug|Any CPU.ActiveCfg = Debug|Any CPU
		{FD3257AB-6B4A-42FB-8FEC-3EB497FE8724}.Debug|Any CPU.Build.0 = Debug|Any CPU
		{FD3257AB-6B4A-42FB-8FEC-3EB497FE8724}.Release|Any CPU.ActiveCfg = Release|Any CPU
		{FD3257AB-6B4A-42FB-8FEC-3EB497FE8724}.Release|Any CPU.Build.0 = Release|Any CPU
		{CBEFC7DF-9CA7-42C4-8171-3640C42289B5}.Debug|Any CPU.ActiveCfg = Debug|Any CPU
		{CBEFC7DF-9CA7-42C4-8171-3640C42289B5}.Debug|Any CPU.Build.0 = Debug|Any CPU
		{CBEFC7DF-9CA7-42C4-8171-3640C42289B5}.Release|Any CPU.ActiveCfg = Release|Any CPU
		{CBEFC7DF-9CA7-42C4-8171-3640C42289B5}.Release|Any CPU.Build.0 = Release|Any CPU
	EndGlobalSection
	GlobalSection(SolutionProperties) = preSolution
		HideSolutionNode = FALSE
	EndGlobalSection
	GlobalSection(NestedProjects) = preSolution
		{CBEFC7DF-9CA7-42C4-8171-3640C42289B5} = {4EB4D6C0-1FE1-4D2D-85BB-277D570381B4}
	EndGlobalSection
	GlobalSection(ExtensibilityGlobals) = postSolution
		SolutionGuid = {FC8DA22D-2F40-4509-82C1-0EB38F57F07D}
	EndGlobalSection
EndGlobal
